
Microsoft Visual Studio Solution File, Format Version 12.00
# Visual Studio Version 17
VisualStudioVersion = 17.14.36603.0
MinimumVisualStudioVersion = 10.0.40219.1
Project("{8BC9CEB8-8B4A-11D0-8D11-00A0C91BC942}") = "testproject1", "testproject1\testproject1.vcxproj", "{E332FA9F-7DA7-4523-81FD-376D6E4989DD}"
EndProject
Project("{8BC9CEB8-8B4A-11D0-8D11-00A0C91BC942}") = "maintest", "maintest\maintest.vcxproj", "{D9296CEA-0784-4495-B679-61290EDEB996}"
EndProject
Global
	GlobalSection(SolutionConfigurationPlatforms) = preSolution
		Debug|x64 = Debug|x64
		Debug|x86 = Debug|x86
		Release|x64 = Release|x64
		Release|x86 = Release|x86
	EndGlobalSection
	GlobalSection(ProjectConfigurationPlatforms) = postSolution
		{E332FA9F-7DA7-4523-81FD-376D6E4989DD}.Debug|x64.ActiveCfg = Debug|x64
		{E332FA9F-7DA7-4523-81FD-376D6E4989DD}.Debug|x64.Build.0 = Debug|x64
		{E332FA9F-7DA7-4523-81FD-376D6E4989DD}.Debug|x86.ActiveCfg = Debug|Win32
		{E332FA9F-7DA7-4523-81FD-376D6E4989DD}.Debug|x86.Build.0 = Debug|Win32
		{E332FA9F-7DA7-4523-81FD-376D6E4989DD}.Release|x64.ActiveCfg = Release|x64
		{E332FA9F-7DA7-4523-81FD-376D6E4989DD}.Release|x64.Build.0 = Release|x64
		{E332FA9F-7DA7-4523-81FD-376D6E4989DD}.Release|x86.ActiveCfg = Release|Win32
		{E332FA9F-7DA7-4523-81FD-376D6E4989DD}.Release|x86.Build.0 = Release|Win32
		{D9296CEA-0784-4495-B679-61290EDEB996}.Debug|x64.ActiveCfg = Debug|x64
		{D9296CEA-0784-4495-B679-61290EDEB996}.Debug|x64.Build.0 = Debug|x64
		{D9296CEA-0784-4495-B679-61290EDEB996}.Debug|x86.ActiveCfg = Debug|Win32
		{D9296CEA-0784-4495-B679-61290EDEB996}.Debug|x86.Build.0 = Debug|Win32
		{D9296CEA-0784-4495-B679-61290EDEB996}.Release|x64.ActiveCfg = Release|x64
		{D9296CEA-0784-4495-B679-61290EDEB996}.Release|x64.Build.0 = Release|x64
		{D9296CEA-0784-4495-B679-61290EDEB996}.Release|x86.ActiveCfg = Release|Win32
		{D9296CEA-0784-4495-B679-61290EDEB996}.Release|x86.Build.0 = Release|Win32
	EndGlobalSection
	GlobalSection(SolutionProperties) = preSolution
		HideSolutionNode = FALSE
	EndGlobalSection
	GlobalSection(ExtensibilityGlobals) = postSolution
		SolutionGuid = {9321C8EF-D9FA-4B0C-981E-42F46B5D6925}
	EndGlobalSection
EndGlobal
